{
  "name": "beadshx",
  "version": "0.0.0-development",
  "lockfileVersion": 3,
  "requires": true,
  "packages": {
    "": {
      "name": "beadshx",
      "version": "0.0.0-development",
      "devDependencies": {
        "lix": "17.0.4-alpha.0"
      }
    },
    "node_modules/lix": {
      "version": "17.0.4-alpha.0",
      "resolved": "https://registry.npmjs.org/lix/-/lix-17.0.4-alpha.0.tgz",
      "integrity": "sha512-Lj3VEHx2Q0KIfcbzr1AIczYGmxEmueh2mT+nIe6SNZHqxBh31QqIASehhGx/06bm9wacnA+basVunCXi6srDVA==",
      "dev": true,
      "hasInstallScript": true,
      "license": "MIT",
      "bin": {
        "haxe": "bin/haxeshim.js",
        "haxelib": "bin/haxelibshim.js",
        "lix": "bin/lix.js",
        "neko": "bin/nekoshim.js"
      }
    }
  }
}
